// !$*UTF8*$!
{
	archiveVersion = 1;
	classes = {
	};
	objectVersion = 55;
	objects = {

/* Begin PBXBuildFile section */
		2C9B606CE8267D1DE0E46537 /* Pods_TheMovieDB_CleanArchitectureTests.framework in Frameworks */ = {isa = PBXBuildFile; fileRef = BC7ED5BFAF529B3EDE7121A7 /* Pods_TheMovieDB_CleanArchitectureTests.framework */; };
		6594C35E93D64E4A41322CA5 /* Pods_TheMovieDB_CleanArchitecture.framework in Frameworks */ = {isa = PBXBuildFile; fileRef = BEEABE0FF9E50C7BD276A3B5 /* Pods_TheMovieDB_CleanArchitecture.framework */; };
		6DCDAA0F4CC5C2C0BA34756A /* Pods_TheMovieDB_CleanArchitecture_TheMovieDB_CleanArchitectureUITests.framework in Frameworks */ = {isa = PBXBuildFile; fileRef = B92935556AD6A0D52CD02F10 /* Pods_TheMovieDB_CleanArchitecture_TheMovieDB_CleanArchitectureUITests.framework */; };
		F90A6F1128622C8D0037D2BB /* AppDelegate.swift in Sources */ = {isa = PBXBuildFile; fileRef = F90A6F1028622C8D0037D2BB /* AppDelegate.swift */; };
		F90A6F1A28622C8F0037D2BB /* Assets.xcassets in Resources */ = {isa = PBXBuildFile; fileRef = F90A6F1928622C8F0037D2BB /* Assets.xcassets */; };
		F90A6F1D28622C8F0037D2BB /* LaunchScreen.storyboard in Resources */ = {isa = PBXBuildFile; fileRef = F90A6F1B28622C8F0037D2BB /* LaunchScreen.storyboard */; };
		F90A6F2828622C8F0037D2BB /* TheMovieDB_CleanArchitectureTests.swift in Sources */ = {isa = PBXBuildFile; fileRef = F90A6F2728622C8F0037D2BB /* TheMovieDB_CleanArchitectureTests.swift */; };
		F90A6F3228622C8F0037D2BB /* TheMovieDB_CleanArchitectureUITests.swift in Sources */ = {isa = PBXBuildFile; fileRef = F90A6F3128622C8F0037D2BB /* TheMovieDB_CleanArchitectureUITests.swift */; };
		F90A6F3428622C8F0037D2BB /* TheMovieDB_CleanArchitectureUITestsLaunchTests.swift in Sources */ = {isa = PBXBuildFile; fileRef = F90A6F3328622C8F0037D2BB /* TheMovieDB_CleanArchitectureUITestsLaunchTests.swift */; };
		F90A6F4828623D640037D2BB /* LaunchLogo.png in Resources */ = {isa = PBXBuildFile; fileRef = F90A6F4728623D640037D2BB /* LaunchLogo.png */; };
		F93E33382862756E00A0CA2D /* OSLog+LogType.swift in Sources */ = {isa = PBXBuildFile; fileRef = F93E33372862756E00A0CA2D /* OSLog+LogType.swift */; };
		F93E333A286275AE00A0CA2D /* UINavigationAppearance+defaultApperance.swift in Sources */ = {isa = PBXBuildFile; fileRef = F93E3339286275AE00A0CA2D /* UINavigationAppearance+defaultApperance.swift */; };
		F9610F2128637BF7002582D7 /* Movie.swift in Sources */ = {isa = PBXBuildFile; fileRef = F9610F2028637BF7002582D7 /* Movie.swift */; };
		F9610F2528637CB5002582D7 /* GenericResultDTO.swift in Sources */ = {isa = PBXBuildFile; fileRef = F9610F2428637CB5002582D7 /* GenericResultDTO.swift */; };
		F9610F282863B551002582D7 /* FeedLoader.swift in Sources */ = {isa = PBXBuildFile; fileRef = F9610F272863B551002582D7 /* FeedLoader.swift */; };
		F9610F2A2863B68F002582D7 /* RemoteFeedLoader.swift in Sources */ = {isa = PBXBuildFile; fileRef = F9610F292863B68F002582D7 /* RemoteFeedLoader.swift */; };
		F9610F2C2863B820002582D7 /* HTTPClient.swift in Sources */ = {isa = PBXBuildFile; fileRef = F9610F2B2863B820002582D7 /* HTTPClient.swift */; };
		F9610F2E2863D2E5002582D7 /* Endpoint.swift in Sources */ = {isa = PBXBuildFile; fileRef = F9610F2D2863D2E5002582D7 /* Endpoint.swift */; };
		F9610F302863D675002582D7 /* FeedType.swift in Sources */ = {isa = PBXBuildFile; fileRef = F9610F2F2863D675002582D7 /* FeedType.swift */; };
		F9610F322863D873002582D7 /* FeedMapper.swift in Sources */ = {isa = PBXBuildFile; fileRef = F9610F312863D873002582D7 /* FeedMapper.swift */; };
		F965F0C828661E1900494A30 /* ImageLoader.swift in Sources */ = {isa = PBXBuildFile; fileRef = F965F0C728661E1900494A30 /* ImageLoader.swift */; };
		F965F0CA28661E7E00494A30 /* RemoteImageLoader.swift in Sources */ = {isa = PBXBuildFile; fileRef = F965F0C928661E7E00494A30 /* RemoteImageLoader.swift */; };
		F965F0CC286625A800494A30 /* ImageCache.swift in Sources */ = {isa = PBXBuildFile; fileRef = F965F0CB286625A800494A30 /* ImageCache.swift */; };
		F965F0CE286661B200494A30 /* LocalImageCache.swift in Sources */ = {isa = PBXBuildFile; fileRef = F965F0CD286661B200494A30 /* LocalImageCache.swift */; };
		F9675DF7286A35F2007E4A9A /* CastLoader.swift in Sources */ = {isa = PBXBuildFile; fileRef = F9675DF6286A35F2007E4A9A /* CastLoader.swift */; };
		F9675DFA286A48CF007E4A9A /* Cast.swift in Sources */ = {isa = PBXBuildFile; fileRef = F9675DF9286A48CF007E4A9A /* Cast.swift */; };
		F9675DFC286A4A57007E4A9A /* SimilarLoader.swift in Sources */ = {isa = PBXBuildFile; fileRef = F9675DFB286A4A57007E4A9A /* SimilarLoader.swift */; };
		F9675DFE286A4A86007E4A9A /* RecommendedLoader.swift in Sources */ = {isa = PBXBuildFile; fileRef = F9675DFD286A4A86007E4A9A /* RecommendedLoader.swift */; };
		F9675E04286A540F007E4A9A /* RemoteCastLoader.swift in Sources */ = {isa = PBXBuildFile; fileRef = F9675E03286A540F007E4A9A /* RemoteCastLoader.swift */; };
		F9675E06286A5957007E4A9A /* CastEndpoint.swift in Sources */ = {isa = PBXBuildFile; fileRef = F9675E05286A5957007E4A9A /* CastEndpoint.swift */; };
		F9675E08286A5D1A007E4A9A /* CastMapper.swift in Sources */ = {isa = PBXBuildFile; fileRef = F9675E07286A5D1A007E4A9A /* CastMapper.swift */; };
		F9675E0D286A5F93007E4A9A /* SimilarEndpoint.swift in Sources */ = {isa = PBXBuildFile; fileRef = F9675E0C286A5F93007E4A9A /* SimilarEndpoint.swift */; };
		F9675E0F286A627E007E4A9A /* RecommendedEndpoint.swift in Sources */ = {isa = PBXBuildFile; fileRef = F9675E0E286A627E007E4A9A /* RecommendedEndpoint.swift */; };
		F9675E11286A6397007E4A9A /* SimilarMapper.swift in Sources */ = {isa = PBXBuildFile; fileRef = F9675E10286A6397007E4A9A /* SimilarMapper.swift */; };
		F9675E13286A6487007E4A9A /* RemoteSimilarLoader.swift in Sources */ = {isa = PBXBuildFile; fileRef = F9675E12286A6487007E4A9A /* RemoteSimilarLoader.swift */; };
		F9675E15286A65F7007E4A9A /* RecommendedMapper.swift in Sources */ = {isa = PBXBuildFile; fileRef = F9675E14286A65F7007E4A9A /* RecommendedMapper.swift */; };
		F9675E17286A6623007E4A9A /* RemoteRecommendedLoader.swift in Sources */ = {isa = PBXBuildFile; fileRef = F9675E16286A6623007E4A9A /* RemoteRecommendedLoader.swift */; };
		F976F0F32864B42400DF87AB /* HTTPHelpers.swift in Sources */ = {isa = PBXBuildFile; fileRef = F976F0F22864B42400DF87AB /* HTTPHelpers.swift */; };
		F976F0F62864D12300DF87AB /* GenericResult.swift in Sources */ = {isa = PBXBuildFile; fileRef = F976F0F52864D12300DF87AB /* GenericResult.swift */; };
		F976F0F82864D9AF00DF87AB /* FeedViewController.swift in Sources */ = {isa = PBXBuildFile; fileRef = F976F0F72864D9AF00DF87AB /* FeedViewController.swift */; };
		F976F0FC2864DBE000DF87AB /* MovieSectionView.swift in Sources */ = {isa = PBXBuildFile; fileRef = F976F0FB2864DBE000DF87AB /* MovieSectionView.swift */; };
		F976F0FE2864DC7F00DF87AB /* MovieView.swift in Sources */ = {isa = PBXBuildFile; fileRef = F976F0FD2864DC7F00DF87AB /* MovieView.swift */; };
		F976F1002864DD1D00DF87AB /* UIImageView+loadImage.swift in Sources */ = {isa = PBXBuildFile; fileRef = F976F0FF2864DD1D00DF87AB /* UIImageView+loadImage.swift */; };
		F976F1022864E84100DF87AB /* MovieViewModel.swift in Sources */ = {isa = PBXBuildFile; fileRef = F976F1012864E84100DF87AB /* MovieViewModel.swift */; };
		F976F1042864ED6900DF87AB /* MovieSectionViewModel.swift in Sources */ = {isa = PBXBuildFile; fileRef = F976F1032864ED6900DF87AB /* MovieSectionViewModel.swift */; };
		F976F1062864F07900DF87AB /* FeedViewModel.swift in Sources */ = {isa = PBXBuildFile; fileRef = F976F1052864F07900DF87AB /* FeedViewModel.swift */; };
		F976F109286509E000DF87AB /* FeedUIComposer.swift in Sources */ = {isa = PBXBuildFile; fileRef = F976F108286509E000DF87AB /* FeedUIComposer.swift */; };
		F976F10B2865112B00DF87AB /* FeedSectionViewModel.swift in Sources */ = {isa = PBXBuildFile; fileRef = F976F10A2865112B00DF87AB /* FeedSectionViewModel.swift */; };
		F976F10D286516B300DF87AB /* URLSessionHTTPClient.swift in Sources */ = {isa = PBXBuildFile; fileRef = F976F10C286516B300DF87AB /* URLSessionHTTPClient.swift */; };
/* End PBXBuildFile section */

/* Begin PBXContainerItemProxy section */
		F90A6F2428622C8F0037D2BB /* PBXContainerItemProxy */ = {
			isa = PBXContainerItemProxy;
			containerPortal = F90A6F0528622C8D0037D2BB /* Project object */;
			proxyType = 1;
			remoteGlobalIDString = F90A6F0C28622C8D0037D2BB;
			remoteInfo = "TheMovieDB-CleanArchitecture";
		};
		F90A6F2E28622C8F0037D2BB /* PBXContainerItemProxy */ = {
			isa = PBXContainerItemProxy;
			containerPortal = F90A6F0528622C8D0037D2BB /* Project object */;
			proxyType = 1;
			remoteGlobalIDString = F90A6F0C28622C8D0037D2BB;
			remoteInfo = "TheMovieDB-CleanArchitecture";
		};
/* End PBXContainerItemProxy section */

/* Begin PBXFileReference section */
		0AE7E2909D34A1AFED323FB0 /* Pods-TheMovieDB-CleanArchitecture-TheMovieDB-CleanArchitectureUITests.release.xcconfig */ = {isa = PBXFileReference; includeInIndex = 1; lastKnownFileType = text.xcconfig; name = "Pods-TheMovieDB-CleanArchitecture-TheMovieDB-CleanArchitectureUITests.release.xcconfig"; path = "Target Support Files/Pods-TheMovieDB-CleanArchitecture-TheMovieDB-CleanArchitectureUITests/Pods-TheMovieDB-CleanArchitecture-TheMovieDB-CleanArchitectureUITests.release.xcconfig"; sourceTree = "<group>"; };
		1007AE97E545B8495DBADBBA /* Pods-TheMovieDB-CleanArchitecture-TheMovieDB-CleanArchitectureUITests.debug.xcconfig */ = {isa = PBXFileReference; includeInIndex = 1; lastKnownFileType = text.xcconfig; name = "Pods-TheMovieDB-CleanArchitecture-TheMovieDB-CleanArchitectureUITests.debug.xcconfig"; path = "Target Support Files/Pods-TheMovieDB-CleanArchitecture-TheMovieDB-CleanArchitectureUITests/Pods-TheMovieDB-CleanArchitecture-TheMovieDB-CleanArchitectureUITests.debug.xcconfig"; sourceTree = "<group>"; };
		15DC3D733AB0E0212B3C86FC /* Pods-TheMovieDB-CleanArchitectureTests.debug.xcconfig */ = {isa = PBXFileReference; includeInIndex = 1; lastKnownFileType = text.xcconfig; name = "Pods-TheMovieDB-CleanArchitectureTests.debug.xcconfig"; path = "Target Support Files/Pods-TheMovieDB-CleanArchitectureTests/Pods-TheMovieDB-CleanArchitectureTests.debug.xcconfig"; sourceTree = "<group>"; };
		6CAAD2C2C864A4B7DC9982E2 /* Pods-TheMovieDB-CleanArchitecture.release.xcconfig */ = {isa = PBXFileReference; includeInIndex = 1; lastKnownFileType = text.xcconfig; name = "Pods-TheMovieDB-CleanArchitecture.release.xcconfig"; path = "Target Support Files/Pods-TheMovieDB-CleanArchitecture/Pods-TheMovieDB-CleanArchitecture.release.xcconfig"; sourceTree = "<group>"; };
		A125AAF8A671422BE0F77D16 /* Pods-TheMovieDB-CleanArchitectureTests.release.xcconfig */ = {isa = PBXFileReference; includeInIndex = 1; lastKnownFileType = text.xcconfig; name = "Pods-TheMovieDB-CleanArchitectureTests.release.xcconfig"; path = "Target Support Files/Pods-TheMovieDB-CleanArchitectureTests/Pods-TheMovieDB-CleanArchitectureTests.release.xcconfig"; sourceTree = "<group>"; };
		B92935556AD6A0D52CD02F10 /* Pods_TheMovieDB_CleanArchitecture_TheMovieDB_CleanArchitectureUITests.framework */ = {isa = PBXFileReference; explicitFileType = wrapper.framework; includeInIndex = 0; path = Pods_TheMovieDB_CleanArchitecture_TheMovieDB_CleanArchitectureUITests.framework; sourceTree = BUILT_PRODUCTS_DIR; };
		BC22A437AFD5C8CACB07621A /* Pods-TheMovieDB-CleanArchitecture.debug.xcconfig */ = {isa = PBXFileReference; includeInIndex = 1; lastKnownFileType = text.xcconfig; name = "Pods-TheMovieDB-CleanArchitecture.debug.xcconfig"; path = "Target Support Files/Pods-TheMovieDB-CleanArchitecture/Pods-TheMovieDB-CleanArchitecture.debug.xcconfig"; sourceTree = "<group>"; };
		BC7ED5BFAF529B3EDE7121A7 /* Pods_TheMovieDB_CleanArchitectureTests.framework */ = {isa = PBXFileReference; explicitFileType = wrapper.framework; includeInIndex = 0; path = Pods_TheMovieDB_CleanArchitectureTests.framework; sourceTree = BUILT_PRODUCTS_DIR; };
		BEEABE0FF9E50C7BD276A3B5 /* Pods_TheMovieDB_CleanArchitecture.framework */ = {isa = PBXFileReference; explicitFileType = wrapper.framework; includeInIndex = 0; path = Pods_TheMovieDB_CleanArchitecture.framework; sourceTree = BUILT_PRODUCTS_DIR; };
		F90A6F0D28622C8D0037D2BB /* TheMovieDB-CleanArchitecture.app */ = {isa = PBXFileReference; explicitFileType = wrapper.application; includeInIndex = 0; path = "TheMovieDB-CleanArchitecture.app"; sourceTree = BUILT_PRODUCTS_DIR; };
		F90A6F1028622C8D0037D2BB /* AppDelegate.swift */ = {isa = PBXFileReference; lastKnownFileType = sourcecode.swift; path = AppDelegate.swift; sourceTree = "<group>"; };
		F90A6F1928622C8F0037D2BB /* Assets.xcassets */ = {isa = PBXFileReference; lastKnownFileType = folder.assetcatalog; path = Assets.xcassets; sourceTree = "<group>"; };
		F90A6F1C28622C8F0037D2BB /* Base */ = {isa = PBXFileReference; lastKnownFileType = file.storyboard; name = Base; path = Base.lproj/LaunchScreen.storyboard; sourceTree = "<group>"; };
		F90A6F1E28622C8F0037D2BB /* Info.plist */ = {isa = PBXFileReference; lastKnownFileType = text.plist.xml; path = Info.plist; sourceTree = "<group>"; };
		F90A6F2328622C8F0037D2BB /* TheMovieDB-CleanArchitectureTests.xctest */ = {isa = PBXFileReference; explicitFileType = wrapper.cfbundle; includeInIndex = 0; path = "TheMovieDB-CleanArchitectureTests.xctest"; sourceTree = BUILT_PRODUCTS_DIR; };
		F90A6F2728622C8F0037D2BB /* TheMovieDB_CleanArchitectureTests.swift */ = {isa = PBXFileReference; lastKnownFileType = sourcecode.swift; path = TheMovieDB_CleanArchitectureTests.swift; sourceTree = "<group>"; };
		F90A6F2D28622C8F0037D2BB /* TheMovieDB-CleanArchitectureUITests.xctest */ = {isa = PBXFileReference; explicitFileType = wrapper.cfbundle; includeInIndex = 0; path = "TheMovieDB-CleanArchitectureUITests.xctest"; sourceTree = BUILT_PRODUCTS_DIR; };
		F90A6F3128622C8F0037D2BB /* TheMovieDB_CleanArchitectureUITests.swift */ = {isa = PBXFileReference; lastKnownFileType = sourcecode.swift; path = TheMovieDB_CleanArchitectureUITests.swift; sourceTree = "<group>"; };
		F90A6F3328622C8F0037D2BB /* TheMovieDB_CleanArchitectureUITestsLaunchTests.swift */ = {isa = PBXFileReference; lastKnownFileType = sourcecode.swift; path = TheMovieDB_CleanArchitectureUITestsLaunchTests.swift; sourceTree = "<group>"; };
		F90A6F4728623D640037D2BB /* LaunchLogo.png */ = {isa = PBXFileReference; lastKnownFileType = image.png; path = LaunchLogo.png; sourceTree = "<group>"; };
		F93E33372862756E00A0CA2D /* OSLog+LogType.swift */ = {isa = PBXFileReference; lastKnownFileType = sourcecode.swift; path = "OSLog+LogType.swift"; sourceTree = "<group>"; };
		F93E3339286275AE00A0CA2D /* UINavigationAppearance+defaultApperance.swift */ = {isa = PBXFileReference; lastKnownFileType = sourcecode.swift; path = "UINavigationAppearance+defaultApperance.swift"; sourceTree = "<group>"; };
		F9610F2028637BF7002582D7 /* Movie.swift */ = {isa = PBXFileReference; lastKnownFileType = sourcecode.swift; path = Movie.swift; sourceTree = "<group>"; };
		F9610F2428637CB5002582D7 /* GenericResultDTO.swift */ = {isa = PBXFileReference; lastKnownFileType = sourcecode.swift; path = GenericResultDTO.swift; sourceTree = "<group>"; };
		F9610F272863B551002582D7 /* FeedLoader.swift */ = {isa = PBXFileReference; lastKnownFileType = sourcecode.swift; path = FeedLoader.swift; sourceTree = "<group>"; };
		F9610F292863B68F002582D7 /* RemoteFeedLoader.swift */ = {isa = PBXFileReference; lastKnownFileType = sourcecode.swift; path = RemoteFeedLoader.swift; sourceTree = "<group>"; };
		F9610F2B2863B820002582D7 /* HTTPClient.swift */ = {isa = PBXFileReference; lastKnownFileType = sourcecode.swift; path = HTTPClient.swift; sourceTree = "<group>"; };
		F9610F2D2863D2E5002582D7 /* Endpoint.swift */ = {isa = PBXFileReference; lastKnownFileType = sourcecode.swift; path = Endpoint.swift; sourceTree = "<group>"; };
		F9610F2F2863D675002582D7 /* FeedType.swift */ = {isa = PBXFileReference; lastKnownFileType = sourcecode.swift; path = FeedType.swift; sourceTree = "<group>"; };
		F9610F312863D873002582D7 /* FeedMapper.swift */ = {isa = PBXFileReference; lastKnownFileType = sourcecode.swift; path = FeedMapper.swift; sourceTree = "<group>"; };
		F965F0C728661E1900494A30 /* ImageLoader.swift */ = {isa = PBXFileReference; lastKnownFileType = sourcecode.swift; path = ImageLoader.swift; sourceTree = "<group>"; };
		F965F0C928661E7E00494A30 /* RemoteImageLoader.swift */ = {isa = PBXFileReference; lastKnownFileType = sourcecode.swift; path = RemoteImageLoader.swift; sourceTree = "<group>"; };
		F965F0CB286625A800494A30 /* ImageCache.swift */ = {isa = PBXFileReference; lastKnownFileType = sourcecode.swift; path = ImageCache.swift; sourceTree = "<group>"; };
		F965F0CD286661B200494A30 /* LocalImageCache.swift */ = {isa = PBXFileReference; lastKnownFileType = sourcecode.swift; path = LocalImageCache.swift; sourceTree = "<group>"; };
		F9675DF6286A35F2007E4A9A /* CastLoader.swift */ = {isa = PBXFileReference; lastKnownFileType = sourcecode.swift; path = CastLoader.swift; sourceTree = "<group>"; };
		F9675DF9286A48CF007E4A9A /* Cast.swift */ = {isa = PBXFileReference; lastKnownFileType = sourcecode.swift; path = Cast.swift; sourceTree = "<group>"; };
		F9675DFB286A4A57007E4A9A /* SimilarLoader.swift */ = {isa = PBXFileReference; lastKnownFileType = sourcecode.swift; path = SimilarLoader.swift; sourceTree = "<group>"; };
		F9675DFD286A4A86007E4A9A /* RecommendedLoader.swift */ = {isa = PBXFileReference; lastKnownFileType = sourcecode.swift; path = RecommendedLoader.swift; sourceTree = "<group>"; };
		F9675E03286A540F007E4A9A /* RemoteCastLoader.swift */ = {isa = PBXFileReference; lastKnownFileType = sourcecode.swift; path = RemoteCastLoader.swift; sourceTree = "<group>"; };
		F9675E05286A5957007E4A9A /* CastEndpoint.swift */ = {isa = PBXFileReference; lastKnownFileType = sourcecode.swift; path = CastEndpoint.swift; sourceTree = "<group>"; };
		F9675E07286A5D1A007E4A9A /* CastMapper.swift */ = {isa = PBXFileReference; lastKnownFileType = sourcecode.swift; path = CastMapper.swift; sourceTree = "<group>"; };
		F9675E0C286A5F93007E4A9A /* SimilarEndpoint.swift */ = {isa = PBXFileReference; lastKnownFileType = sourcecode.swift; path = SimilarEndpoint.swift; sourceTree = "<group>"; };
		F9675E0E286A627E007E4A9A /* RecommendedEndpoint.swift */ = {isa = PBXFileReference; lastKnownFileType = sourcecode.swift; path = RecommendedEndpoint.swift; sourceTree = "<group>"; };
		F9675E10286A6397007E4A9A /* SimilarMapper.swift */ = {isa = PBXFileReference; lastKnownFileType = sourcecode.swift; path = SimilarMapper.swift; sourceTree = "<group>"; };
		F9675E12286A6487007E4A9A /* RemoteSimilarLoader.swift */ = {isa = PBXFileReference; lastKnownFileType = sourcecode.swift; path = RemoteSimilarLoader.swift; sourceTree = "<group>"; };
		F9675E14286A65F7007E4A9A /* RecommendedMapper.swift */ = {isa = PBXFileReference; lastKnownFileType = sourcecode.swift; path = RecommendedMapper.swift; sourceTree = "<group>"; };
		F9675E16286A6623007E4A9A /* RemoteRecommendedLoader.swift */ = {isa = PBXFileReference; lastKnownFileType = sourcecode.swift; path = RemoteRecommendedLoader.swift; sourceTree = "<group>"; };
		F976F0F22864B42400DF87AB /* HTTPHelpers.swift */ = {isa = PBXFileReference; lastKnownFileType = sourcecode.swift; path = HTTPHelpers.swift; sourceTree = "<group>"; };
		F976F0F52864D12300DF87AB /* GenericResult.swift */ = {isa = PBXFileReference; lastKnownFileType = sourcecode.swift; path = GenericResult.swift; sourceTree = "<group>"; };
		F976F0F72864D9AF00DF87AB /* FeedViewController.swift */ = {isa = PBXFileReference; lastKnownFileType = sourcecode.swift; path = FeedViewController.swift; sourceTree = "<group>"; };
		F976F0FB2864DBE000DF87AB /* MovieSectionView.swift */ = {isa = PBXFileReference; lastKnownFileType = sourcecode.swift; path = MovieSectionView.swift; sourceTree = "<group>"; };
		F976F0FD2864DC7F00DF87AB /* MovieView.swift */ = {isa = PBXFileReference; lastKnownFileType = sourcecode.swift; path = MovieView.swift; sourceTree = "<group>"; };
		F976F0FF2864DD1D00DF87AB /* UIImageView+loadImage.swift */ = {isa = PBXFileReference; lastKnownFileType = sourcecode.swift; path = "UIImageView+loadImage.swift"; sourceTree = "<group>"; };
		F976F1012864E84100DF87AB /* MovieViewModel.swift */ = {isa = PBXFileReference; lastKnownFileType = sourcecode.swift; path = MovieViewModel.swift; sourceTree = "<group>"; };
		F976F1032864ED6900DF87AB /* MovieSectionViewModel.swift */ = {isa = PBXFileReference; lastKnownFileType = sourcecode.swift; path = MovieSectionViewModel.swift; sourceTree = "<group>"; };
		F976F1052864F07900DF87AB /* FeedViewModel.swift */ = {isa = PBXFileReference; lastKnownFileType = sourcecode.swift; path = FeedViewModel.swift; sourceTree = "<group>"; };
		F976F108286509E000DF87AB /* FeedUIComposer.swift */ = {isa = PBXFileReference; lastKnownFileType = sourcecode.swift; path = FeedUIComposer.swift; sourceTree = "<group>"; };
		F976F10A2865112B00DF87AB /* FeedSectionViewModel.swift */ = {isa = PBXFileReference; lastKnownFileType = sourcecode.swift; path = FeedSectionViewModel.swift; sourceTree = "<group>"; };
		F976F10C286516B300DF87AB /* URLSessionHTTPClient.swift */ = {isa = PBXFileReference; lastKnownFileType = sourcecode.swift; path = URLSessionHTTPClient.swift; sourceTree = "<group>"; };
/* End PBXFileReference section */

/* Begin PBXFrameworksBuildPhase section */
		F90A6F0A28622C8D0037D2BB /* Frameworks */ = {
			isa = PBXFrameworksBuildPhase;
			buildActionMask = 2147483647;
			files = (
				6594C35E93D64E4A41322CA5 /* Pods_TheMovieDB_CleanArchitecture.framework in Frameworks */,
			);
			runOnlyForDeploymentPostprocessing = 0;
		};
		F90A6F2028622C8F0037D2BB /* Frameworks */ = {
			isa = PBXFrameworksBuildPhase;
			buildActionMask = 2147483647;
			files = (
				2C9B606CE8267D1DE0E46537 /* Pods_TheMovieDB_CleanArchitectureTests.framework in Frameworks */,
			);
			runOnlyForDeploymentPostprocessing = 0;
		};
		F90A6F2A28622C8F0037D2BB /* Frameworks */ = {
			isa = PBXFrameworksBuildPhase;
			buildActionMask = 2147483647;
			files = (
				6DCDAA0F4CC5C2C0BA34756A /* Pods_TheMovieDB_CleanArchitecture_TheMovieDB_CleanArchitectureUITests.framework in Frameworks */,
			);
			runOnlyForDeploymentPostprocessing = 0;
		};
/* End PBXFrameworksBuildPhase section */

/* Begin PBXGroup section */
		A2CD565735967CC418B7D28D /* Pods */ = {
			isa = PBXGroup;
			children = (
				BC22A437AFD5C8CACB07621A /* Pods-TheMovieDB-CleanArchitecture.debug.xcconfig */,
				6CAAD2C2C864A4B7DC9982E2 /* Pods-TheMovieDB-CleanArchitecture.release.xcconfig */,
				1007AE97E545B8495DBADBBA /* Pods-TheMovieDB-CleanArchitecture-TheMovieDB-CleanArchitectureUITests.debug.xcconfig */,
				0AE7E2909D34A1AFED323FB0 /* Pods-TheMovieDB-CleanArchitecture-TheMovieDB-CleanArchitectureUITests.release.xcconfig */,
				15DC3D733AB0E0212B3C86FC /* Pods-TheMovieDB-CleanArchitectureTests.debug.xcconfig */,
				A125AAF8A671422BE0F77D16 /* Pods-TheMovieDB-CleanArchitectureTests.release.xcconfig */,
			);
			path = Pods;
			sourceTree = "<group>";
		};
		D99EFC7AD71CAD35A6D19B63 /* Frameworks */ = {
			isa = PBXGroup;
			children = (
				BEEABE0FF9E50C7BD276A3B5 /* Pods_TheMovieDB_CleanArchitecture.framework */,
				B92935556AD6A0D52CD02F10 /* Pods_TheMovieDB_CleanArchitecture_TheMovieDB_CleanArchitectureUITests.framework */,
				BC7ED5BFAF529B3EDE7121A7 /* Pods_TheMovieDB_CleanArchitectureTests.framework */,
			);
			name = Frameworks;
			sourceTree = "<group>";
		};
		F90A6F0428622C8D0037D2BB = {
			isa = PBXGroup;
			children = (
				F90A6F0F28622C8D0037D2BB /* TheMovieDB-CleanArchitecture */,
				F90A6F2628622C8F0037D2BB /* TheMovieDB-CleanArchitectureTests */,
				F90A6F3028622C8F0037D2BB /* TheMovieDB-CleanArchitectureUITests */,
				F90A6F0E28622C8D0037D2BB /* Products */,
				A2CD565735967CC418B7D28D /* Pods */,
				D99EFC7AD71CAD35A6D19B63 /* Frameworks */,
			);
			sourceTree = "<group>";
		};
		F90A6F0E28622C8D0037D2BB /* Products */ = {
			isa = PBXGroup;
			children = (
				F90A6F0D28622C8D0037D2BB /* TheMovieDB-CleanArchitecture.app */,
				F90A6F2328622C8F0037D2BB /* TheMovieDB-CleanArchitectureTests.xctest */,
				F90A6F2D28622C8F0037D2BB /* TheMovieDB-CleanArchitectureUITests.xctest */,
			);
			name = Products;
			sourceTree = "<group>";
		};
		F90A6F0F28622C8D0037D2BB /* TheMovieDB-CleanArchitecture */ = {
			isa = PBXGroup;
			children = (
				F90A6F402862319A0037D2BB /* Core */,
				F90A6F41286231A70037D2BB /* Data */,
				F90A6F43286231E00037D2BB /* Domain */,
				F90A6F44286231FB0037D2BB /* Presentation */,
				F90A6F452862320B0037D2BB /* UI */,
				F90A6F42286231AE0037D2BB /* Resources */,
			);
			path = "TheMovieDB-CleanArchitecture";
			sourceTree = "<group>";
		};
		F90A6F2628622C8F0037D2BB /* TheMovieDB-CleanArchitectureTests */ = {
			isa = PBXGroup;
			children = (
				F90A6F2728622C8F0037D2BB /* TheMovieDB_CleanArchitectureTests.swift */,
			);
			path = "TheMovieDB-CleanArchitectureTests";
			sourceTree = "<group>";
		};
		F90A6F3028622C8F0037D2BB /* TheMovieDB-CleanArchitectureUITests */ = {
			isa = PBXGroup;
			children = (
				F90A6F3128622C8F0037D2BB /* TheMovieDB_CleanArchitectureUITests.swift */,
				F90A6F3328622C8F0037D2BB /* TheMovieDB_CleanArchitectureUITestsLaunchTests.swift */,
			);
			path = "TheMovieDB-CleanArchitectureUITests";
			sourceTree = "<group>";
		};
		F90A6F402862319A0037D2BB /* Core */ = {
			isa = PBXGroup;
			children = (
				F976F107286503E900DF87AB /* Composers */,
				F90A6F1028622C8D0037D2BB /* AppDelegate.swift */,
				F90A6F1E28622C8F0037D2BB /* Info.plist */,
				F93E33362862749A00A0CA2D /* Shared */,
			);
			path = Core;
			sourceTree = "<group>";
		};
		F90A6F41286231A70037D2BB /* Data */ = {
			isa = PBXGroup;
			children = (
				F9610F2328637C9E002582D7 /* Shared */,
				F9610F1D2863741C002582D7 /* Feed */,
				F9675DFF286A53C1007E4A9A /* Detail */,
			);
			path = Data;
			sourceTree = "<group>";
		};
		F90A6F42286231AE0037D2BB /* Resources */ = {
			isa = PBXGroup;
			children = (
				F90A6F4728623D640037D2BB /* LaunchLogo.png */,
				F90A6F1928622C8F0037D2BB /* Assets.xcassets */,
			);
			path = Resources;
			sourceTree = "<group>";
		};
		F90A6F43286231E00037D2BB /* Domain */ = {
			isa = PBXGroup;
			children = (
				F976F0F42864D11300DF87AB /* Shared */,
				F9610F1C28637414002582D7 /* Feed */,
				F9675DF4286A34BE007E4A9A /* Detail */,
			);
			path = Domain;
			sourceTree = "<group>";
		};
		F90A6F44286231FB0037D2BB /* Presentation */ = {
			isa = PBXGroup;
			children = (
				F9610F1B28635FF6002582D7 /* Feed */,
			);
			path = Presentation;
			sourceTree = "<group>";
		};
		F90A6F452862320B0037D2BB /* UI */ = {
			isa = PBXGroup;
			children = (
				F90A6F462862327B0037D2BB /* Shared */,
				F9610F1A28635FEA002582D7 /* Feed */,
			);
			path = UI;
			sourceTree = "<group>";
		};
		F90A6F462862327B0037D2BB /* Shared */ = {
			isa = PBXGroup;
			children = (
				F90A6F1B28622C8F0037D2BB /* LaunchScreen.storyboard */,
				F976F0FF2864DD1D00DF87AB /* UIImageView+loadImage.swift */,
			);
			path = Shared;
			sourceTree = "<group>";
		};
		F93E33362862749A00A0CA2D /* Shared */ = {
			isa = PBXGroup;
			children = (
				F93E33372862756E00A0CA2D /* OSLog+LogType.swift */,
				F93E3339286275AE00A0CA2D /* UINavigationAppearance+defaultApperance.swift */,
			);
			path = Shared;
			sourceTree = "<group>";
		};
		F9610F1A28635FEA002582D7 /* Feed */ = {
			isa = PBXGroup;
			children = (
				F976F0FA2864DB9500DF87AB /* ViewControllers */,
				F976F0F92864DB9000DF87AB /* Views */,
			);
			path = Feed;
			sourceTree = "<group>";
		};
		F9610F1B28635FF6002582D7 /* Feed */ = {
			isa = PBXGroup;
			children = (
				F976F1012864E84100DF87AB /* MovieViewModel.swift */,
				F976F1032864ED6900DF87AB /* MovieSectionViewModel.swift */,
				F976F1052864F07900DF87AB /* FeedViewModel.swift */,
				F976F10A2865112B00DF87AB /* FeedSectionViewModel.swift */,
			);
			path = Feed;
			sourceTree = "<group>";
		};
		F9610F1C28637414002582D7 /* Feed */ = {
			isa = PBXGroup;
			children = (
				F9610F1F286378E1002582D7 /* UseCases */,
				F9610F1E286378DA002582D7 /* Models */,
			);
			path = Feed;
			sourceTree = "<group>";
		};
		F9610F1D2863741C002582D7 /* Feed */ = {
			isa = PBXGroup;
			children = (
				F9610F262863B4D2002582D7 /* Feed API */,
			);
			path = Feed;
			sourceTree = "<group>";
		};
		F9610F1E286378DA002582D7 /* Models */ = {
			isa = PBXGroup;
			children = (
				F9610F2028637BF7002582D7 /* Movie.swift */,
			);
			path = Models;
			sourceTree = "<group>";
		};
		F9610F1F286378E1002582D7 /* UseCases */ = {
			isa = PBXGroup;
			children = (
				F9610F272863B551002582D7 /* FeedLoader.swift */,
			);
			path = UseCases;
			sourceTree = "<group>";
		};
		F9610F2328637C9E002582D7 /* Shared */ = {
			isa = PBXGroup;
			children = (
				F9610F2428637CB5002582D7 /* GenericResultDTO.swift */,
				F9610F2B2863B820002582D7 /* HTTPClient.swift */,
				F9610F2D2863D2E5002582D7 /* Endpoint.swift */,
				F976F0F22864B42400DF87AB /* HTTPHelpers.swift */,
				F976F10C286516B300DF87AB /* URLSessionHTTPClient.swift */,
				F965F0C928661E7E00494A30 /* RemoteImageLoader.swift */,
				F965F0CD286661B200494A30 /* LocalImageCache.swift */,
			);
			path = Shared;
			sourceTree = "<group>";
		};
		F9610F262863B4D2002582D7 /* Feed API */ = {
			isa = PBXGroup;
			children = (
				F9610F2F2863D675002582D7 /* FeedType.swift */,
				F9610F292863B68F002582D7 /* RemoteFeedLoader.swift */,
				F9610F312863D873002582D7 /* FeedMapper.swift */,
			);
			path = "Feed API";
			sourceTree = "<group>";
		};
		F9675DF4286A34BE007E4A9A /* Detail */ = {
			isa = PBXGroup;
			children = (
				F9675DF8286A487F007E4A9A /* Models */,
				F9675DF5286A34CC007E4A9A /* UsesCases */,
			);
			path = Detail;
			sourceTree = "<group>";
		};
		F9675DF5286A34CC007E4A9A /* UsesCases */ = {
			isa = PBXGroup;
			children = (
				F9675DF6286A35F2007E4A9A /* CastLoader.swift */,
				F9675DFB286A4A57007E4A9A /* SimilarLoader.swift */,
				F9675DFD286A4A86007E4A9A /* RecommendedLoader.swift */,
			);
			path = UsesCases;
			sourceTree = "<group>";
		};
		F9675DF8286A487F007E4A9A /* Models */ = {
			isa = PBXGroup;
			children = (
				F9675DF9286A48CF007E4A9A /* Cast.swift */,
			);
			path = Models;
			sourceTree = "<group>";
		};
		F9675DFF286A53C1007E4A9A /* Detail */ = {
			isa = PBXGroup;
			children = (
				F9675E02286A53F2007E4A9A /* Detail API */,
			);
			path = Detail;
			sourceTree = "<group>";
		};
		F9675E02286A53F2007E4A9A /* Detail API */ = {
			isa = PBXGroup;
			children = (
				F9675E09286A5F42007E4A9A /* Cast API */,
				F9675E0A286A5F57007E4A9A /* Similar API */,
				F9675E0B286A5F63007E4A9A /* Recommended API */,
			);
			path = "Detail API";
			sourceTree = "<group>";
		};
		F9675E09286A5F42007E4A9A /* Cast API */ = {
			isa = PBXGroup;
			children = (
				F9675E05286A5957007E4A9A /* CastEndpoint.swift */,
				F9675E07286A5D1A007E4A9A /* CastMapper.swift */,
				F9675E03286A540F007E4A9A /* RemoteCastLoader.swift */,
			);
			path = "Cast API";
			sourceTree = "<group>";
		};
		F9675E0A286A5F57007E4A9A /* Similar API */ = {
			isa = PBXGroup;
			children = (
				F9675E0C286A5F93007E4A9A /* SimilarEndpoint.swift */,
				F9675E10286A6397007E4A9A /* SimilarMapper.swift */,
				F9675E12286A6487007E4A9A /* RemoteSimilarLoader.swift */,
			);
			path = "Similar API";
			sourceTree = "<group>";
		};
		F9675E0B286A5F63007E4A9A /* Recommended API */ = {
			isa = PBXGroup;
			children = (
				F9675E0E286A627E007E4A9A /* RecommendedEndpoint.swift */,
				F9675E14286A65F7007E4A9A /* RecommendedMapper.swift */,
				F9675E16286A6623007E4A9A /* RemoteRecommendedLoader.swift */,
			);
			path = "Recommended API";
			sourceTree = "<group>";
		};
		F976F0F42864D11300DF87AB /* Shared */ = {
			isa = PBXGroup;
			children = (
				F976F0F52864D12300DF87AB /* GenericResult.swift */,
				F965F0C728661E1900494A30 /* ImageLoader.swift */,
				F965F0CB286625A800494A30 /* ImageCache.swift */,
			);
			path = Shared;
			sourceTree = "<group>";
		};
		F976F0F92864DB9000DF87AB /* Views */ = {
			isa = PBXGroup;
			children = (
				F976F0FB2864DBE000DF87AB /* MovieSectionView.swift */,
				F976F0FD2864DC7F00DF87AB /* MovieView.swift */,
			);
			path = Views;
			sourceTree = "<group>";
		};
		F976F0FA2864DB9500DF87AB /* ViewControllers */ = {
			isa = PBXGroup;
			children = (
				F976F0F72864D9AF00DF87AB /* FeedViewController.swift */,
			);
			path = ViewControllers;
			sourceTree = "<group>";
		};
		F976F107286503E900DF87AB /* Composers */ = {
			isa = PBXGroup;
			children = (
				F976F108286509E000DF87AB /* FeedUIComposer.swift */,
			);
			path = Composers;
			sourceTree = "<group>";
		};
/* End PBXGroup section */

/* Begin PBXNativeTarget section */
		F90A6F0C28622C8D0037D2BB /* TheMovieDB-CleanArchitecture */ = {
			isa = PBXNativeTarget;
			buildConfigurationList = F90A6F3728622C8F0037D2BB /* Build configuration list for PBXNativeTarget "TheMovieDB-CleanArchitecture" */;
			buildPhases = (
				4EA2B15D05F51FF7F485316A /* [CP] Check Pods Manifest.lock */,
				F90A6F0928622C8D0037D2BB /* Sources */,
				F90A6F0A28622C8D0037D2BB /* Frameworks */,
				F90A6F0B28622C8D0037D2BB /* Resources */,
				F93E333528626DF500A0CA2D /* ShellScript */,
				9AF1BD6A026D58F5B9118C66 /* [CP] Embed Pods Frameworks */,
			);
			buildRules = (
			);
			dependencies = (
			);
			name = "TheMovieDB-CleanArchitecture";
			productName = "TheMovieDB-CleanArchitecture";
			productReference = F90A6F0D28622C8D0037D2BB /* TheMovieDB-CleanArchitecture.app */;
			productType = "com.apple.product-type.application";
		};
		F90A6F2228622C8F0037D2BB /* TheMovieDB-CleanArchitectureTests */ = {
			isa = PBXNativeTarget;
			buildConfigurationList = F90A6F3A28622C8F0037D2BB /* Build configuration list for PBXNativeTarget "TheMovieDB-CleanArchitectureTests" */;
			buildPhases = (
				02406FA751E398D78427BE55 /* [CP] Check Pods Manifest.lock */,
				F90A6F1F28622C8F0037D2BB /* Sources */,
				F90A6F2028622C8F0037D2BB /* Frameworks */,
				F90A6F2128622C8F0037D2BB /* Resources */,
				78327A5DCA284D3D17DAE785 /* [CP] Embed Pods Frameworks */,
			);
			buildRules = (
			);
			dependencies = (
				F90A6F2528622C8F0037D2BB /* PBXTargetDependency */,
			);
			name = "TheMovieDB-CleanArchitectureTests";
			productName = "TheMovieDB-CleanArchitectureTests";
			productReference = F90A6F2328622C8F0037D2BB /* TheMovieDB-CleanArchitectureTests.xctest */;
			productType = "com.apple.product-type.bundle.unit-test";
		};
		F90A6F2C28622C8F0037D2BB /* TheMovieDB-CleanArchitectureUITests */ = {
			isa = PBXNativeTarget;
			buildConfigurationList = F90A6F3D28622C8F0037D2BB /* Build configuration list for PBXNativeTarget "TheMovieDB-CleanArchitectureUITests" */;
			buildPhases = (
				A2C0C18E086AAE7DCA2293D1 /* [CP] Check Pods Manifest.lock */,
				F90A6F2928622C8F0037D2BB /* Sources */,
				F90A6F2A28622C8F0037D2BB /* Frameworks */,
				F90A6F2B28622C8F0037D2BB /* Resources */,
				0CFEB1ABBF84391CD8BF9905 /* [CP] Embed Pods Frameworks */,
			);
			buildRules = (
			);
			dependencies = (
				F90A6F2F28622C8F0037D2BB /* PBXTargetDependency */,
			);
			name = "TheMovieDB-CleanArchitectureUITests";
			productName = "TheMovieDB-CleanArchitectureUITests";
			productReference = F90A6F2D28622C8F0037D2BB /* TheMovieDB-CleanArchitectureUITests.xctest */;
			productType = "com.apple.product-type.bundle.ui-testing";
		};
/* End PBXNativeTarget section */

/* Begin PBXProject section */
		F90A6F0528622C8D0037D2BB /* Project object */ = {
			isa = PBXProject;
			attributes = {
				BuildIndependentTargetsInParallel = 1;
				LastSwiftUpdateCheck = 1340;
				LastUpgradeCheck = 1340;
				TargetAttributes = {
					F90A6F0C28622C8D0037D2BB = {
						CreatedOnToolsVersion = 13.4.1;
					};
					F90A6F2228622C8F0037D2BB = {
						CreatedOnToolsVersion = 13.4.1;
						TestTargetID = F90A6F0C28622C8D0037D2BB;
					};
					F90A6F2C28622C8F0037D2BB = {
						CreatedOnToolsVersion = 13.4.1;
						TestTargetID = F90A6F0C28622C8D0037D2BB;
					};
				};
			};
			buildConfigurationList = F90A6F0828622C8D0037D2BB /* Build configuration list for PBXProject "TheMovieDB-CleanArchitecture" */;
			compatibilityVersion = "Xcode 13.0";
			developmentRegion = en;
			hasScannedForEncodings = 0;
			knownRegions = (
				en,
				Base,
			);
			mainGroup = F90A6F0428622C8D0037D2BB;
			productRefGroup = F90A6F0E28622C8D0037D2BB /* Products */;
			projectDirPath = "";
			projectRoot = "";
			targets = (
				F90A6F0C28622C8D0037D2BB /* TheMovieDB-CleanArchitecture */,
				F90A6F2228622C8F0037D2BB /* TheMovieDB-CleanArchitectureTests */,
				F90A6F2C28622C8F0037D2BB /* TheMovieDB-CleanArchitectureUITests */,
			);
		};
/* End PBXProject section */

/* Begin PBXResourcesBuildPhase section */
		F90A6F0B28622C8D0037D2BB /* Resources */ = {
			isa = PBXResourcesBuildPhase;
			buildActionMask = 2147483647;
			files = (
				F90A6F1D28622C8F0037D2BB /* LaunchScreen.storyboard in Resources */,
				F90A6F1A28622C8F0037D2BB /* Assets.xcassets in Resources */,
				F90A6F4828623D640037D2BB /* LaunchLogo.png in Resources */,
			);
			runOnlyForDeploymentPostprocessing = 0;
		};
		F90A6F2128622C8F0037D2BB /* Resources */ = {
			isa = PBXResourcesBuildPhase;
			buildActionMask = 2147483647;
			files = (
			);
			runOnlyForDeploymentPostprocessing = 0;
		};
		F90A6F2B28622C8F0037D2BB /* Resources */ = {
			isa = PBXResourcesBuildPhase;
			buildActionMask = 2147483647;
			files = (
			);
			runOnlyForDeploymentPostprocessing = 0;
		};
/* End PBXResourcesBuildPhase section */

/* Begin PBXShellScriptBuildPhase section */
		02406FA751E398D78427BE55 /* [CP] Check Pods Manifest.lock */ = {
			isa = PBXShellScriptBuildPhase;
			buildActionMask = 2147483647;
			files = (
			);
			inputFileListPaths = (
			);
			inputPaths = (
				"${PODS_PODFILE_DIR_PATH}/Podfile.lock",
				"${PODS_ROOT}/Manifest.lock",
			);
			name = "[CP] Check Pods Manifest.lock";
			outputFileListPaths = (
			);
			outputPaths = (
				"$(DERIVED_FILE_DIR)/Pods-TheMovieDB-CleanArchitectureTests-checkManifestLockResult.txt",
			);
			runOnlyForDeploymentPostprocessing = 0;
			shellPath = /bin/sh;
			shellScript = "diff \"${PODS_PODFILE_DIR_PATH}/Podfile.lock\" \"${PODS_ROOT}/Manifest.lock\" > /dev/null\nif [ $? != 0 ] ; then\n    # print error to STDERR\n    echo \"error: The sandbox is not in sync with the Podfile.lock. Run 'pod install' or update your CocoaPods installation.\" >&2\n    exit 1\nfi\n# This output is used by Xcode 'outputs' to avoid re-running this script phase.\necho \"SUCCESS\" > \"${SCRIPT_OUTPUT_FILE_0}\"\n";
			showEnvVarsInLog = 0;
		};
		0CFEB1ABBF84391CD8BF9905 /* [CP] Embed Pods Frameworks */ = {
			isa = PBXShellScriptBuildPhase;
			buildActionMask = 2147483647;
			files = (
			);
			inputFileListPaths = (
				"${PODS_ROOT}/Target Support Files/Pods-TheMovieDB-CleanArchitecture-TheMovieDB-CleanArchitectureUITests/Pods-TheMovieDB-CleanArchitecture-TheMovieDB-CleanArchitectureUITests-frameworks-${CONFIGURATION}-input-files.xcfilelist",
			);
			name = "[CP] Embed Pods Frameworks";
			outputFileListPaths = (
				"${PODS_ROOT}/Target Support Files/Pods-TheMovieDB-CleanArchitecture-TheMovieDB-CleanArchitectureUITests/Pods-TheMovieDB-CleanArchitecture-TheMovieDB-CleanArchitectureUITests-frameworks-${CONFIGURATION}-output-files.xcfilelist",
			);
			runOnlyForDeploymentPostprocessing = 0;
			shellPath = /bin/sh;
			shellScript = "\"${PODS_ROOT}/Target Support Files/Pods-TheMovieDB-CleanArchitecture-TheMovieDB-CleanArchitectureUITests/Pods-TheMovieDB-CleanArchitecture-TheMovieDB-CleanArchitectureUITests-frameworks.sh\"\n";
			showEnvVarsInLog = 0;
		};
		4EA2B15D05F51FF7F485316A /* [CP] Check Pods Manifest.lock */ = {
			isa = PBXShellScriptBuildPhase;
			buildActionMask = 2147483647;
			files = (
			);
			inputFileListPaths = (
			);
			inputPaths = (
				"${PODS_PODFILE_DIR_PATH}/Podfile.lock",
				"${PODS_ROOT}/Manifest.lock",
			);
			name = "[CP] Check Pods Manifest.lock";
			outputFileListPaths = (
			);
			outputPaths = (
				"$(DERIVED_FILE_DIR)/Pods-TheMovieDB-CleanArchitecture-checkManifestLockResult.txt",
			);
			runOnlyForDeploymentPostprocessing = 0;
			shellPath = /bin/sh;
			shellScript = "diff \"${PODS_PODFILE_DIR_PATH}/Podfile.lock\" \"${PODS_ROOT}/Manifest.lock\" > /dev/null\nif [ $? != 0 ] ; then\n    # print error to STDERR\n    echo \"error: The sandbox is not in sync with the Podfile.lock. Run 'pod install' or update your CocoaPods installation.\" >&2\n    exit 1\nfi\n# This output is used by Xcode 'outputs' to avoid re-running this script phase.\necho \"SUCCESS\" > \"${SCRIPT_OUTPUT_FILE_0}\"\n";
			showEnvVarsInLog = 0;
		};
		78327A5DCA284D3D17DAE785 /* [CP] Embed Pods Frameworks */ = {
			isa = PBXShellScriptBuildPhase;
			buildActionMask = 2147483647;
			files = (
			);
			inputFileListPaths = (
				"${PODS_ROOT}/Target Support Files/Pods-TheMovieDB-CleanArchitectureTests/Pods-TheMovieDB-CleanArchitectureTests-frameworks-${CONFIGURATION}-input-files.xcfilelist",
			);
			name = "[CP] Embed Pods Frameworks";
			outputFileListPaths = (
				"${PODS_ROOT}/Target Support Files/Pods-TheMovieDB-CleanArchitectureTests/Pods-TheMovieDB-CleanArchitectureTests-frameworks-${CONFIGURATION}-output-files.xcfilelist",
			);
			runOnlyForDeploymentPostprocessing = 0;
			shellPath = /bin/sh;
			shellScript = "\"${PODS_ROOT}/Target Support Files/Pods-TheMovieDB-CleanArchitectureTests/Pods-TheMovieDB-CleanArchitectureTests-frameworks.sh\"\n";
			showEnvVarsInLog = 0;
		};
		9AF1BD6A026D58F5B9118C66 /* [CP] Embed Pods Frameworks */ = {
			isa = PBXShellScriptBuildPhase;
			buildActionMask = 2147483647;
			files = (
			);
			inputFileListPaths = (
				"${PODS_ROOT}/Target Support Files/Pods-TheMovieDB-CleanArchitecture/Pods-TheMovieDB-CleanArchitecture-frameworks-${CONFIGURATION}-input-files.xcfilelist",
			);
			name = "[CP] Embed Pods Frameworks";
			outputFileListPaths = (
				"${PODS_ROOT}/Target Support Files/Pods-TheMovieDB-CleanArchitecture/Pods-TheMovieDB-CleanArchitecture-frameworks-${CONFIGURATION}-output-files.xcfilelist",
			);
			runOnlyForDeploymentPostprocessing = 0;
			shellPath = /bin/sh;
			shellScript = "\"${PODS_ROOT}/Target Support Files/Pods-TheMovieDB-CleanArchitecture/Pods-TheMovieDB-CleanArchitecture-frameworks.sh\"\n";
			showEnvVarsInLog = 0;
		};
		A2C0C18E086AAE7DCA2293D1 /* [CP] Check Pods Manifest.lock */ = {
			isa = PBXShellScriptBuildPhase;
			buildActionMask = 2147483647;
			files = (
			);
			inputFileListPaths = (
			);
			inputPaths = (
				"${PODS_PODFILE_DIR_PATH}/Podfile.lock",
				"${PODS_ROOT}/Manifest.lock",
			);
			name = "[CP] Check Pods Manifest.lock";
			outputFileListPaths = (
			);
			outputPaths = (
				"$(DERIVED_FILE_DIR)/Pods-TheMovieDB-CleanArchitecture-TheMovieDB-CleanArchitectureUITests-checkManifestLockResult.txt",
			);
			runOnlyForDeploymentPostprocessing = 0;
			shellPath = /bin/sh;
			shellScript = "diff \"${PODS_PODFILE_DIR_PATH}/Podfile.lock\" \"${PODS_ROOT}/Manifest.lock\" > /dev/null\nif [ $? != 0 ] ; then\n    # print error to STDERR\n    echo \"error: The sandbox is not in sync with the Podfile.lock. Run 'pod install' or update your CocoaPods installation.\" >&2\n    exit 1\nfi\n# This output is used by Xcode 'outputs' to avoid re-running this script phase.\necho \"SUCCESS\" > \"${SCRIPT_OUTPUT_FILE_0}\"\n";
			showEnvVarsInLog = 0;
		};
		F93E333528626DF500A0CA2D /* ShellScript */ = {
			isa = PBXShellScriptBuildPhase;
			buildActionMask = 2147483647;
			files = (
			);
			inputFileListPaths = (
			);
			inputPaths = (
			);
			outputFileListPaths = (
			);
			outputPaths = (
			);
			runOnlyForDeploymentPostprocessing = 0;
			shellPath = /bin/sh;
			shellScript = "if which swiftlint >/dev/null; then\n  swiftlint\nelse\n  echo \"warning: SwiftLint not installed, download from https://github.com/realm/SwiftLint\"\nfi\n";
		};
/* End PBXShellScriptBuildPhase section */

/* Begin PBXSourcesBuildPhase section */
		F90A6F0928622C8D0037D2BB /* Sources */ = {
			isa = PBXSourcesBuildPhase;
			buildActionMask = 2147483647;
			files = (
				F9610F2A2863B68F002582D7 /* RemoteFeedLoader.swift in Sources */,
				F9675E08286A5D1A007E4A9A /* CastMapper.swift in Sources */,
				F976F109286509E000DF87AB /* FeedUIComposer.swift in Sources */,
				F976F0FC2864DBE000DF87AB /* MovieSectionView.swift in Sources */,
				F9675DFE286A4A86007E4A9A /* RecommendedLoader.swift in Sources */,
				F9610F282863B551002582D7 /* FeedLoader.swift in Sources */,
				F976F0F62864D12300DF87AB /* GenericResult.swift in Sources */,
				F93E33382862756E00A0CA2D /* OSLog+LogType.swift in Sources */,
				F93E333A286275AE00A0CA2D /* UINavigationAppearance+defaultApperance.swift in Sources */,
				F9675E15286A65F7007E4A9A /* RecommendedMapper.swift in Sources */,
				F965F0CA28661E7E00494A30 /* RemoteImageLoader.swift in Sources */,
				F9675DFC286A4A57007E4A9A /* SimilarLoader.swift in Sources */,
				F9675E06286A5957007E4A9A /* CastEndpoint.swift in Sources */,
				F976F0F32864B42400DF87AB /* HTTPHelpers.swift in Sources */,
				F9610F2E2863D2E5002582D7 /* Endpoint.swift in Sources */,
				F976F1022864E84100DF87AB /* MovieViewModel.swift in Sources */,
				F976F1002864DD1D00DF87AB /* UIImageView+loadImage.swift in Sources */,
				F976F10D286516B300DF87AB /* URLSessionHTTPClient.swift in Sources */,
				F9675DFA286A48CF007E4A9A /* Cast.swift in Sources */,
				F976F0F82864D9AF00DF87AB /* FeedViewController.swift in Sources */,
				F965F0CE286661B200494A30 /* LocalImageCache.swift in Sources */,
				F965F0CC286625A800494A30 /* ImageCache.swift in Sources */,
				F9675E17286A6623007E4A9A /* RemoteRecommendedLoader.swift in Sources */,
				F976F1042864ED6900DF87AB /* MovieSectionViewModel.swift in Sources */,
				F9675E11286A6397007E4A9A /* SimilarMapper.swift in Sources */,
				F9675E0D286A5F93007E4A9A /* SimilarEndpoint.swift in Sources */,
				F9675E13286A6487007E4A9A /* RemoteSimilarLoader.swift in Sources */,
				F965F0C828661E1900494A30 /* ImageLoader.swift in Sources */,
				F90A6F1128622C8D0037D2BB /* AppDelegate.swift in Sources */,
				F9610F2C2863B820002582D7 /* HTTPClient.swift in Sources */,
				F976F1062864F07900DF87AB /* FeedViewModel.swift in Sources */,
				F9610F302863D675002582D7 /* FeedType.swift in Sources */,
				F9610F322863D873002582D7 /* FeedMapper.swift in Sources */,
				F9675DF7286A35F2007E4A9A /* CastLoader.swift in Sources */,
				F9610F2528637CB5002582D7 /* GenericResultDTO.swift in Sources */,
				F9610F2128637BF7002582D7 /* Movie.swift in Sources */,
				F9675E0F286A627E007E4A9A /* RecommendedEndpoint.swift in Sources */,
				F976F10B2865112B00DF87AB /* FeedSectionViewModel.swift in Sources */,
				F976F0FE2864DC7F00DF87AB /* MovieView.swift in Sources */,
				F9675E04286A540F007E4A9A /* RemoteCastLoader.swift in Sources */,
			);
			runOnlyForDeploymentPostprocessing = 0;
		};
		F90A6F1F28622C8F0037D2BB /* Sources */ = {
			isa = PBXSourcesBuildPhase;
			buildActionMask = 2147483647;
			files = (
				F90A6F2828622C8F0037D2BB /* TheMovieDB_CleanArchitectureTests.swift in Sources */,
			);
			runOnlyForDeploymentPostprocessing = 0;
		};
		F90A6F2928622C8F0037D2BB /* Sources */ = {
			isa = PBXSourcesBuildPhase;
			buildActionMask = 2147483647;
			files = (
				F90A6F3428622C8F0037D2BB /* TheMovieDB_CleanArchitectureUITestsLaunchTests.swift in Sources */,
				F90A6F3228622C8F0037D2BB /* TheMovieDB_CleanArchitectureUITests.swift in Sources */,
			);
			runOnlyForDeploymentPostprocessing = 0;
		};
/* End PBXSourcesBuildPhase section */

/* Begin PBXTargetDependency section */
		F90A6F2528622C8F0037D2BB /* PBXTargetDependency */ = {
			isa = PBXTargetDependency;
			target = F90A6F0C28622C8D0037D2BB /* TheMovieDB-CleanArchitecture */;
			targetProxy = F90A6F2428622C8F0037D2BB /* PBXContainerItemProxy */;
		};
		F90A6F2F28622C8F0037D2BB /* PBXTargetDependency */ = {
			isa = PBXTargetDependency;
			target = F90A6F0C28622C8D0037D2BB /* TheMovieDB-CleanArchitecture */;
			targetProxy = F90A6F2E28622C8F0037D2BB /* PBXContainerItemProxy */;
		};
/* End PBXTargetDependency section */

/* Begin PBXVariantGroup section */
		F90A6F1B28622C8F0037D2BB /* LaunchScreen.storyboard */ = {
			isa = PBXVariantGroup;
			children = (
				F90A6F1C28622C8F0037D2BB /* Base */,
			);
			name = LaunchScreen.storyboard;
			sourceTree = "<group>";
		};
/* End PBXVariantGroup section */

/* Begin XCBuildConfiguration section */
		F90A6F3528622C8F0037D2BB /* Debug */ = {
			isa = XCBuildConfiguration;
			buildSettings = {
				ALWAYS_SEARCH_USER_PATHS = NO;
				CLANG_ANALYZER_NONNULL = YES;
				CLANG_ANALYZER_NUMBER_OBJECT_CONVERSION = YES_AGGRESSIVE;
				CLANG_CXX_LANGUAGE_STANDARD = "gnu++17";
				CLANG_ENABLE_MODULES = YES;
				CLANG_ENABLE_OBJC_ARC = YES;
				CLANG_ENABLE_OBJC_WEAK = YES;
				CLANG_WARN_BLOCK_CAPTURE_AUTORELEASING = YES;
				CLANG_WARN_BOOL_CONVERSION = YES;
				CLANG_WARN_COMMA = YES;
				CLANG_WARN_CONSTANT_CONVERSION = YES;
				CLANG_WARN_DEPRECATED_OBJC_IMPLEMENTATIONS = YES;
				CLANG_WARN_DIRECT_OBJC_ISA_USAGE = YES_ERROR;
				CLANG_WARN_DOCUMENTATION_COMMENTS = YES;
				CLANG_WARN_EMPTY_BODY = YES;
				CLANG_WARN_ENUM_CONVERSION = YES;
				CLANG_WARN_INFINITE_RECURSION = YES;
				CLANG_WARN_INT_CONVERSION = YES;
				CLANG_WARN_NON_LITERAL_NULL_CONVERSION = YES;
				CLANG_WARN_OBJC_IMPLICIT_RETAIN_SELF = YES;
				CLANG_WARN_OBJC_LITERAL_CONVERSION = YES;
				CLANG_WARN_OBJC_ROOT_CLASS = YES_ERROR;
				CLANG_WARN_QUOTED_INCLUDE_IN_FRAMEWORK_HEADER = YES;
				CLANG_WARN_RANGE_LOOP_ANALYSIS = YES;
				CLANG_WARN_STRICT_PROTOTYPES = YES;
				CLANG_WARN_SUSPICIOUS_MOVE = YES;
				CLANG_WARN_UNGUARDED_AVAILABILITY = YES_AGGRESSIVE;
				CLANG_WARN_UNREACHABLE_CODE = YES;
				CLANG_WARN__DUPLICATE_METHOD_MATCH = YES;
				COPY_PHASE_STRIP = NO;
				DEBUG_INFORMATION_FORMAT = dwarf;
				ENABLE_STRICT_OBJC_MSGSEND = YES;
				ENABLE_TESTABILITY = YES;
				GCC_C_LANGUAGE_STANDARD = gnu11;
				GCC_DYNAMIC_NO_PIC = NO;
				GCC_NO_COMMON_BLOCKS = YES;
				GCC_OPTIMIZATION_LEVEL = 0;
				GCC_PREPROCESSOR_DEFINITIONS = (
					"DEBUG=1",
					"$(inherited)",
				);
				GCC_WARN_64_TO_32_BIT_CONVERSION = YES;
				GCC_WARN_ABOUT_RETURN_TYPE = YES_ERROR;
				GCC_WARN_UNDECLARED_SELECTOR = YES;
				GCC_WARN_UNINITIALIZED_AUTOS = YES_AGGRESSIVE;
				GCC_WARN_UNUSED_FUNCTION = YES;
				GCC_WARN_UNUSED_VARIABLE = YES;
				IPHONEOS_DEPLOYMENT_TARGET = 15.5;
				MTL_ENABLE_DEBUG_INFO = INCLUDE_SOURCE;
				MTL_FAST_MATH = YES;
				ONLY_ACTIVE_ARCH = YES;
				SDKROOT = iphoneos;
				SWIFT_ACTIVE_COMPILATION_CONDITIONS = DEBUG;
				SWIFT_OPTIMIZATION_LEVEL = "-Onone";
			};
			name = Debug;
		};
		F90A6F3628622C8F0037D2BB /* Release */ = {
			isa = XCBuildConfiguration;
			buildSettings = {
				ALWAYS_SEARCH_USER_PATHS = NO;
				CLANG_ANALYZER_NONNULL = YES;
				CLANG_ANALYZER_NUMBER_OBJECT_CONVERSION = YES_AGGRESSIVE;
				CLANG_CXX_LANGUAGE_STANDARD = "gnu++17";
				CLANG_ENABLE_MODULES = YES;
				CLANG_ENABLE_OBJC_ARC = YES;
				CLANG_ENABLE_OBJC_WEAK = YES;
				CLANG_WARN_BLOCK_CAPTURE_AUTORELEASING = YES;
				CLANG_WARN_BOOL_CONVERSION = YES;
				CLANG_WARN_COMMA = YES;
				CLANG_WARN_CONSTANT_CONVERSION = YES;
				CLANG_WARN_DEPRECATED_OBJC_IMPLEMENTATIONS = YES;
				CLANG_WARN_DIRECT_OBJC_ISA_USAGE = YES_ERROR;
				CLANG_WARN_DOCUMENTATION_COMMENTS = YES;
				CLANG_WARN_EMPTY_BODY = YES;
				CLANG_WARN_ENUM_CONVERSION = YES;
				CLANG_WARN_INFINITE_RECURSION = YES;
				CLANG_WARN_INT_CONVERSION = YES;
				CLANG_WARN_NON_LITERAL_NULL_CONVERSION = YES;
				CLANG_WARN_OBJC_IMPLICIT_RETAIN_SELF = YES;
				CLANG_WARN_OBJC_LITERAL_CONVERSION = YES;
				CLANG_WARN_OBJC_ROOT_CLASS = YES_ERROR;
				CLANG_WARN_QUOTED_INCLUDE_IN_FRAMEWORK_HEADER = YES;
				CLANG_WARN_RANGE_LOOP_ANALYSIS = YES;
				CLANG_WARN_STRICT_PROTOTYPES = YES;
				CLANG_WARN_SUSPICIOUS_MOVE = YES;
				CLANG_WARN_UNGUARDED_AVAILABILITY = YES_AGGRESSIVE;
				CLANG_WARN_UNREACHABLE_CODE = YES;
				CLANG_WARN__DUPLICATE_METHOD_MATCH = YES;
				COPY_PHASE_STRIP = NO;
				DEBUG_INFORMATION_FORMAT = "dwarf-with-dsym";
				ENABLE_NS_ASSERTIONS = NO;
				ENABLE_STRICT_OBJC_MSGSEND = YES;
				GCC_C_LANGUAGE_STANDARD = gnu11;
				GCC_NO_COMMON_BLOCKS = YES;
				GCC_WARN_64_TO_32_BIT_CONVERSION = YES;
				GCC_WARN_ABOUT_RETURN_TYPE = YES_ERROR;
				GCC_WARN_UNDECLARED_SELECTOR = YES;
				GCC_WARN_UNINITIALIZED_AUTOS = YES_AGGRESSIVE;
				GCC_WARN_UNUSED_FUNCTION = YES;
				GCC_WARN_UNUSED_VARIABLE = YES;
				IPHONEOS_DEPLOYMENT_TARGET = 15.5;
				MTL_ENABLE_DEBUG_INFO = NO;
				MTL_FAST_MATH = YES;
				SDKROOT = iphoneos;
				SWIFT_COMPILATION_MODE = wholemodule;
				SWIFT_OPTIMIZATION_LEVEL = "-O";
				VALIDATE_PRODUCT = YES;
			};
			name = Release;
		};
		F90A6F3828622C8F0037D2BB /* Debug */ = {
			isa = XCBuildConfiguration;
			baseConfigurationReference = BC22A437AFD5C8CACB07621A /* Pods-TheMovieDB-CleanArchitecture.debug.xcconfig */;
			buildSettings = {
				ASSETCATALOG_COMPILER_APPICON_NAME = AppIcon;
				ASSETCATALOG_COMPILER_GLOBAL_ACCENT_COLOR_NAME = AccentColor;
				CODE_SIGN_STYLE = Automatic;
				CURRENT_PROJECT_VERSION = 1;
				GENERATE_INFOPLIST_FILE = YES;
				INFOPLIST_FILE = "TheMovieDB-CleanArchitecture/Core/Info.plist";
				INFOPLIST_KEY_UIApplicationSupportsIndirectInputEvents = YES;
				INFOPLIST_KEY_UILaunchStoryboardName = LaunchScreen;
				INFOPLIST_KEY_UISupportedInterfaceOrientations_iPad = "UIInterfaceOrientationPortrait UIInterfaceOrientationPortraitUpsideDown UIInterfaceOrientationLandscapeLeft UIInterfaceOrientationLandscapeRight";
				INFOPLIST_KEY_UISupportedInterfaceOrientations_iPhone = "UIInterfaceOrientationPortrait UIInterfaceOrientationLandscapeLeft UIInterfaceOrientationLandscapeRight";
				LD_RUNPATH_SEARCH_PATHS = (
					"$(inherited)",
					"@executable_path/Frameworks",
				);
				MARKETING_VERSION = 1.0;
				PRODUCT_BUNDLE_IDENTIFIER = "com.dulce.TheMovieDB-CleanArchitecture";
				PRODUCT_NAME = "$(TARGET_NAME)";
				SWIFT_EMIT_LOC_STRINGS = YES;
				SWIFT_VERSION = 5.0;
				TARGETED_DEVICE_FAMILY = "1,2";
			};
			name = Debug;
		};
		F90A6F3928622C8F0037D2BB /* Release */ = {
			isa = XCBuildConfiguration;
			baseConfigurationReference = 6CAAD2C2C864A4B7DC9982E2 /* Pods-TheMovieDB-CleanArchitecture.release.xcconfig */;
			buildSettings = {
				ASSETCATALOG_COMPILER_APPICON_NAME = AppIcon;
				ASSETCATALOG_COMPILER_GLOBAL_ACCENT_COLOR_NAME = AccentColor;
				CODE_SIGN_STYLE = Automatic;
				CURRENT_PROJECT_VERSION = 1;
				GENERATE_INFOPLIST_FILE = YES;
				INFOPLIST_FILE = "TheMovieDB-CleanArchitecture/Core/Info.plist";
				INFOPLIST_KEY_UIApplicationSupportsIndirectInputEvents = YES;
				INFOPLIST_KEY_UILaunchStoryboardName = LaunchScreen;
				INFOPLIST_KEY_UISupportedInterfaceOrientations_iPad = "UIInterfaceOrientationPortrait UIInterfaceOrientationPortraitUpsideDown UIInterfaceOrientationLandscapeLeft UIInterfaceOrientationLandscapeRight";
				INFOPLIST_KEY_UISupportedInterfaceOrientations_iPhone = "UIInterfaceOrientationPortrait UIInterfaceOrientationLandscapeLeft UIInterfaceOrientationLandscapeRight";
				LD_RUNPATH_SEARCH_PATHS = (
					"$(inherited)",
					"@executable_path/Frameworks",
				);
				MARKETING_VERSION = 1.0;
				PRODUCT_BUNDLE_IDENTIFIER = "com.dulce.TheMovieDB-CleanArchitecture";
				PRODUCT_NAME = "$(TARGET_NAME)";
				SWIFT_EMIT_LOC_STRINGS = YES;
				SWIFT_VERSION = 5.0;
				TARGETED_DEVICE_FAMILY = "1,2";
			};
			name = Release;
		};
		F90A6F3B28622C8F0037D2BB /* Debug */ = {
			isa = XCBuildConfiguration;
			baseConfigurationReference = 15DC3D733AB0E0212B3C86FC /* Pods-TheMovieDB-CleanArchitectureTests.debug.xcconfig */;
			buildSettings = {
				BUNDLE_LOADER = "$(TEST_HOST)";
				CODE_SIGN_STYLE = Automatic;
				CURRENT_PROJECT_VERSION = 1;
				GENERATE_INFOPLIST_FILE = YES;
				IPHONEOS_DEPLOYMENT_TARGET = 15.5;
				MARKETING_VERSION = 1.0;
				PRODUCT_BUNDLE_IDENTIFIER = "com.dulce.TheMovieDB-CleanArchitectureTests";
				PRODUCT_NAME = "$(TARGET_NAME)";
				SWIFT_EMIT_LOC_STRINGS = NO;
				SWIFT_VERSION = 5.0;
				TARGETED_DEVICE_FAMILY = "1,2";
				TEST_HOST = "$(BUILT_PRODUCTS_DIR)/TheMovieDB-CleanArchitecture.app/TheMovieDB-CleanArchitecture";
			};
			name = Debug;
		};
		F90A6F3C28622C8F0037D2BB /* Release */ = {
			isa = XCBuildConfiguration;
			baseConfigurationReference = A125AAF8A671422BE0F77D16 /* Pods-TheMovieDB-CleanArchitectureTests.release.xcconfig */;
			buildSettings = {
				BUNDLE_LOADER = "$(TEST_HOST)";
				CODE_SIGN_STYLE = Automatic;
				CURRENT_PROJECT_VERSION = 1;
				GENERATE_INFOPLIST_FILE = YES;
				IPHONEOS_DEPLOYMENT_TARGET = 15.5;
				MARKETING_VERSION = 1.0;
				PRODUCT_BUNDLE_IDENTIFIER = "com.dulce.TheMovieDB-CleanArchitectureTests";
				PRODUCT_NAME = "$(TARGET_NAME)";
				SWIFT_EMIT_LOC_STRINGS = NO;
				SWIFT_VERSION = 5.0;
				TARGETED_DEVICE_FAMILY = "1,2";
				TEST_HOST = "$(BUILT_PRODUCTS_DIR)/TheMovieDB-CleanArchitecture.app/TheMovieDB-CleanArchitecture";
			};
			name = Release;
		};
		F90A6F3E28622C8F0037D2BB /* Debug */ = {
			isa = XCBuildConfiguration;
			baseConfigurationReference = 1007AE97E545B8495DBADBBA /* Pods-TheMovieDB-CleanArchitecture-TheMovieDB-CleanArchitectureUITests.debug.xcconfig */;
			buildSettings = {
				CODE_SIGN_STYLE = Automatic;
				CURRENT_PROJECT_VERSION = 1;
				GENERATE_INFOPLIST_FILE = YES;
				MARKETING_VERSION = 1.0;
				PRODUCT_BUNDLE_IDENTIFIER = "com.dulce.TheMovieDB-CleanArchitectureUITests";
				PRODUCT_NAME = "$(TARGET_NAME)";
				SWIFT_EMIT_LOC_STRINGS = NO;
				SWIFT_VERSION = 5.0;
				TARGETED_DEVICE_FAMILY = "1,2";
				TEST_TARGET_NAME = "TheMovieDB-CleanArchitecture";
			};
			name = Debug;
		};
		F90A6F3F28622C8F0037D2BB /* Release */ = {
			isa = XCBuildConfiguration;
			baseConfigurationReference = 0AE7E2909D34A1AFED323FB0 /* Pods-TheMovieDB-CleanArchitecture-TheMovieDB-CleanArchitectureUITests.release.xcconfig */;
			buildSettings = {
				CODE_SIGN_STYLE = Automatic;
				CURRENT_PROJECT_VERSION = 1;
				GENERATE_INFOPLIST_FILE = YES;
				MARKETING_VERSION = 1.0;
				PRODUCT_BUNDLE_IDENTIFIER = "com.dulce.TheMovieDB-CleanArchitectureUITests";
				PRODUCT_NAME = "$(TARGET_NAME)";
				SWIFT_EMIT_LOC_STRINGS = NO;
				SWIFT_VERSION = 5.0;
				TARGETED_DEVICE_FAMILY = "1,2";
				TEST_TARGET_NAME = "TheMovieDB-CleanArchitecture";
			};
			name = Release;
		};
/* End XCBuildConfiguration section */

/* Begin XCConfigurationList section */
		F90A6F0828622C8D0037D2BB /* Build configuration list for PBXProject "TheMovieDB-CleanArchitecture" */ = {
			isa = XCConfigurationList;
			buildConfigurations = (
				F90A6F3528622C8F0037D2BB /* Debug */,
				F90A6F3628622C8F0037D2BB /* Release */,
			);
			defaultConfigurationIsVisible = 0;
			defaultConfigurationName = Release;
		};
		F90A6F3728622C8F0037D2BB /* Build configuration list for PBXNativeTarget "TheMovieDB-CleanArchitecture" */ = {
			isa = XCConfigurationList;
			buildConfigurations = (
				F90A6F3828622C8F0037D2BB /* Debug */,
				F90A6F3928622C8F0037D2BB /* Release */,
			);
			defaultConfigurationIsVisible = 0;
			defaultConfigurationName = Release;
		};
		F90A6F3A28622C8F0037D2BB /* Build configuration list for PBXNativeTarget "TheMovieDB-CleanArchitectureTests" */ = {
			isa = XCConfigurationList;
			buildConfigurations = (
				F90A6F3B28622C8F0037D2BB /* Debug */,
				F90A6F3C28622C8F0037D2BB /* Release */,
			);
			defaultConfigurationIsVisible = 0;
			defaultConfigurationName = Release;
		};
		F90A6F3D28622C8F0037D2BB /* Build configuration list for PBXNativeTarget "TheMovieDB-CleanArchitectureUITests" */ = {
			isa = XCConfigurationList;
			buildConfigurations = (
				F90A6F3E28622C8F0037D2BB /* Debug */,
				F90A6F3F28622C8F0037D2BB /* Release */,
			);
			defaultConfigurationIsVisible = 0;
			defaultConfigurationName = Release;
		};
/* End XCConfigurationList section */
	};
	rootObject = F90A6F0528622C8D0037D2BB /* Project object */;
}
